
Microsoft Visual Studio Solution File, Format Version 12.00
# Visual Studio Version 17
VisualStudioVersion = 17.5.33424.131
MinimumVisualStudioVersion = 10.0.40219.1
Project("{FAE04EC0-301F-11D3-BF4B-00C04F79EFBC}") = "HelloWorldWinForm_Porter", "HelloWorldWinForm_Porter\HelloWorldWinForm_Porter.csproj", "{F1D70405-17B2-4823-B226-32B426603A1D}"
EndProject
Global
	GlobalSection(SolutionConfigurationPlatforms) = preSolution
		Debug|Any CPU = Debug|Any CPU
		Release|Any CPU = Release|Any CPU
	EndGlobalSection
	GlobalSection(ProjectConfigurationPlatforms) = postSolution
		{F1D70405-17B2-4823-B226-32B426603A1D}.Debug|Any CPU.ActiveCfg = Debug|Any CPU
		{F1D70405-17B2-4823-B226-32B426603A1D}.Debug|Any CPU.Build.0 = Debug|Any CPU
		{F1D70405-17B2-4823-B226-32B426603A1D}.Release|Any CPU.ActiveCfg = Release|Any CPU
		{F1D70405-17B2-4823-B226-32B426603A1D}.Release|Any CPU.Build.0 = Release|Any CPU
	EndGlobalSection
	GlobalSection(SolutionProperties) = preSolution
		HideSolutionNode = FALSE
	EndGlobalSection
	GlobalSection(ExtensibilityGlobals) = postSolution
		SolutionGuid = {288BBBC8-CC85-47F2-ADD3-5933C8E2FA7A}
	EndGlobalSection
EndGlobal
